
Microsoft Visual Studio Solution File, Format Version 12.00
# Visual Studio Version 16
VisualStudioVersion = 16.0.31205.134
MinimumVisualStudioVersion = 10.0.40219.1
Project("{FAE04EC0-301F-11D3-BF4B-00C04F79EFBC}") = "CriadorCaes", "CriadorCaes\CriadorCaes.csproj", "{B3449C98-D855-45EB-B995-7D2BD5282E5F}"
EndProject
Global
	GlobalSection(SolutionConfigurationPlatforms) = preSolution
		Debug|Any CPU = Debug|Any CPU
		Release|Any CPU = Release|Any CPU
	EndGlobalSection
	GlobalSection(ProjectConfigurationPlatforms) = postSolution
		{B3449C98-D855-45EB-B995-7D2BD5282E5F}.Debug|Any CPU.ActiveCfg = Debug|Any CPU
		{B3449C98-D855-45EB-B995-7D2BD5282E5F}.Debug|Any CPU.Build.0 = Debug|Any CPU
		{B3449C98-D855-45EB-B995-7D2BD5282E5F}.Release|Any CPU.ActiveCfg = Release|Any CPU
		{B3449C98-D855-45EB-B995-7D2BD5282E5F}.Release|Any CPU.Build.0 = Release|Any CPU
	EndGlobalSection
	GlobalSection(SolutionProperties) = preSolution
		HideSolutionNode = FALSE
	EndGlobalSection
	GlobalSection(ExtensibilityGlobals) = postSolution
		SolutionGuid = {5DFE355D-CE93-4311-9F6D-E54D338B4287}
	EndGlobalSection
EndGlobal
